
Microsoft Visual Studio Solution File, Format Version 12.00
# Visual Studio Version 17
VisualStudioVersion = 17.14.36109.1 d17.14
MinimumVisualStudioVersion = 10.0.40219.1
Project("{FAE04EC0-301F-11D3-BF4B-00C04F79EFBC}") = "KellerAg.Shared.Entities", "KellerAg.Shared.Entities\KellerAg.Shared.Entities.csproj", "{E1F32208-1692-7800-F4FE-3F9827D8AE11}"
EndProject
Project("{FAE04EC0-301F-11D3-BF4B-00C04F79EFBC}") = "KellerAg.Shared.Entities.Tests", "KellerAg.Shared.Entities.Tests\KellerAg.Shared.Entities.Tests.csproj", "{6A1AFF96-AB4E-D858-DCCF-BD304483513B}"
EndProject
Global
	GlobalSection(SolutionConfigurationPlatforms) = preSolution
		Debug|Any CPU = Debug|Any CPU
		Release|Any CPU = Release|Any CPU
	EndGlobalSection
	GlobalSection(ProjectConfigurationPlatforms) = postSolution
		{E1F32208-1692-7800-F4FE-3F9827D8AE11}.Debug|Any CPU.ActiveCfg = Debug|Any CPU
		{E1F32208-1692-7800-F4FE-3F9827D8AE11}.Debug|Any CPU.Build.0 = Debug|Any CPU
		{E1F32208-1692-7800-F4FE-3F9827D8AE11}.Release|Any CPU.ActiveCfg = Release|Any CPU
		{E1F32208-1692-7800-F4FE-3F9827D8AE11}.Release|Any CPU.Build.0 = Release|Any CPU
		{6A1AFF96-AB4E-D858-DCCF-BD304483513B}.Debug|Any CPU.ActiveCfg = Debug|Any CPU
		{6A1AFF96-AB4E-D858-DCCF-BD304483513B}.Debug|Any CPU.Build.0 = Debug|Any CPU
		{6A1AFF96-AB4E-D858-DCCF-BD304483513B}.Release|Any CPU.ActiveCfg = Release|Any CPU
		{6A1AFF96-AB4E-D858-DCCF-BD304483513B}.Release|Any CPU.Build.0 = Release|Any CPU
	EndGlobalSection
	GlobalSection(SolutionProperties) = preSolution
		HideSolutionNode = FALSE
	EndGlobalSection
	GlobalSection(ExtensibilityGlobals) = postSolution
		SolutionGuid = {DEE68C7D-3575-4481-B76D-A76B12C67FC9}
	EndGlobalSection
EndGlobal
